Microsoft Visual Studio Solution File, Format Version 12.00
# Visual Studio Version 17
VisualStudioVersion = 17.5.2.0
MinimumVisualStudioVersion = 10.0.40219.1
Project("{FAE04EC0-301F-11D3-BF4B-00C04F79EFBC}") = "HashDemo", "HashDemo.csproj", "{B1CC171B-368A-9C04-143A-B4BD4F4CDE18}"
EndProject
Global
	GlobalSection(SolutionConfigurationPlatforms) = preSolution
		Debug|Any CPU = Debug|Any CPU
		Release|Any CPU = Release|Any CPU
	EndGlobalSection
	GlobalSection(ProjectConfigurationPlatforms) = postSolution
		{B1CC171B-368A-9C04-143A-B4BD4F4CDE18}.Debug|Any CPU.ActiveCfg = Debug|Any CPU
		{B1CC171B-368A-9C04-143A-B4BD4F4CDE18}.Debug|Any CPU.Build.0 = Debug|Any CPU
		{B1CC171B-368A-9C04-143A-B4BD4F4CDE18}.Release|Any CPU.ActiveCfg = Release|Any CPU
		{B1CC171B-368A-9C04-143A-B4BD4F4CDE18}.Release|Any CPU.Build.0 = Release|Any CPU
	EndGlobalSection
	GlobalSection(SolutionProperties) = preSolution
		HideSolutionNode = FALSE
	EndGlobalSection
	GlobalSection(ExtensibilityGlobals) = postSolution
		SolutionGuid = {24007602-7988-46E4-B92D-075EF8F03FCE}
	EndGlobalSection
EndGlobal
